// !$*UTF8*$!
{
	archiveVersion = 1;
	classes = {
	};
	objectVersion = 56;
	objects = {

/* Begin PBXBuildFile section */
		392D12D52B8F094F005D3CFF /* SwipeCellKit in Frameworks */ = {isa = PBXBuildFile; productRef = 392D12D42B8F094F005D3CFF /* SwipeCellKit */; };
		395E52C02B66242200513D5D /* AppDelegate.swift in Sources */ = {isa = PBXBuildFile; fileRef = 395E52BF2B66242200513D5D /* AppDelegate.swift */; };
		395E52C22B66242200513D5D /* SceneDelegate.swift in Sources */ = {isa = PBXBuildFile; fileRef = 395E52C12B66242200513D5D /* SceneDelegate.swift */; };
		395E52C42B66242200513D5D /* ToDoListViewController.swift in Sources */ = {isa = PBXBuildFile; fileRef = 395E52C32B66242200513D5D /* ToDoListViewController.swift */; };
		395E52C72B66242200513D5D /* Main.storyboard in Resources */ = {isa = PBXBuildFile; fileRef = 395E52C52B66242200513D5D /* Main.storyboard */; };
		395E52C92B66242400513D5D /* Assets.xcassets in Resources */ = {isa = PBXBuildFile; fileRef = 395E52C82B66242400513D5D /* Assets.xcassets */; };
		395E52CC2B66242400513D5D /* LaunchScreen.storyboard in Resources */ = {isa = PBXBuildFile; fileRef = 395E52CA2B66242400513D5D /* LaunchScreen.storyboard */; };
		395E52D72B66242400513D5D /* TodoshkaTests.swift in Sources */ = {isa = PBXBuildFile; fileRef = 395E52D62B66242400513D5D /* TodoshkaTests.swift */; };
		395E52E12B66242500513D5D /* TodoshkaUITests.swift in Sources */ = {isa = PBXBuildFile; fileRef = 395E52E02B66242500513D5D /* TodoshkaUITests.swift */; };
		395E52E32B66242500513D5D /* TodoshkaUITestsLaunchTests.swift in Sources */ = {isa = PBXBuildFile; fileRef = 395E52E22B66242500513D5D /* TodoshkaUITestsLaunchTests.swift */; };
		397333E42B774082004C5D9B /* CategoryViewController.swift in Sources */ = {isa = PBXBuildFile; fileRef = 397333E32B774082004C5D9B /* CategoryViewController.swift */; };
		39AC32F62B919E23009226A8 /* SwipeTableViewController.swift in Sources */ = {isa = PBXBuildFile; fileRef = 39AC32F52B919E23009226A8 /* SwipeTableViewController.swift */; };
		39BA0EC42B7EE982001B41FD /* Realm in Frameworks */ = {isa = PBXBuildFile; productRef = 39BA0EC32B7EE982001B41FD /* Realm */; };
		39BA0EC62B7EE982001B41FD /* RealmSwift in Frameworks */ = {isa = PBXBuildFile; productRef = 39BA0EC52B7EE982001B41FD /* RealmSwift */; };
		39C4CD3D2B84740200D3F591 /* Item.swift in Sources */ = {isa = PBXBuildFile; fileRef = 39C4CD3C2B84740200D3F591 /* Item.swift */; };
		39C4CD3F2B84741000D3F591 /* Category.swift in Sources */ = {isa = PBXBuildFile; fileRef = 39C4CD3E2B84741000D3F591 /* Category.swift */; };
/* End PBXBuildFile section */

/* Begin PBXContainerItemProxy section */
		395E52D32B66242400513D5D /* PBXContainerItemProxy */ = {
			isa = PBXContainerItemProxy;
			containerPortal = 395E52B42B66242200513D5D /* Project object */;
			proxyType = 1;
			remoteGlobalIDString = 395E52BB2B66242200513D5D;
			remoteInfo = Todoshka;
		};
		395E52DD2B66242500513D5D /* PBXContainerItemProxy */ = {
			isa = PBXContainerItemProxy;
			containerPortal = 395E52B42B66242200513D5D /* Project object */;
			proxyType = 1;
			remoteGlobalIDString = 395E52BB2B66242200513D5D;
			remoteInfo = Todoshka;
		};
/* End PBXContainerItemProxy section */

/* Begin PBXFileReference section */
		395E52BC2B66242200513D5D /* Todoshka.app */ = {isa = PBXFileReference; explicitFileType = wrapper.application; includeInIndex = 0; path = Todoshka.app; sourceTree = BUILT_PRODUCTS_DIR; };
		395E52BF2B66242200513D5D /* AppDelegate.swift */ = {isa = PBXFileReference; lastKnownFileType = sourcecode.swift; path = AppDelegate.swift; sourceTree = "<group>"; };
		395E52C12B66242200513D5D /* SceneDelegate.swift */ = {isa = PBXFileReference; lastKnownFileType = sourcecode.swift; path = SceneDelegate.swift; sourceTree = "<group>"; };
		395E52C32B66242200513D5D /* ToDoListViewController.swift */ = {isa = PBXFileReference; lastKnownFileType = sourcecode.swift; path = ToDoListViewController.swift; sourceTree = "<group>"; };
		395E52C62B66242200513D5D /* Base */ = {isa = PBXFileReference; lastKnownFileType = file.storyboard; name = Base; path = Base.lproj/Main.storyboard; sourceTree = "<group>"; };
		395E52C82B66242400513D5D /* Assets.xcassets */ = {isa = PBXFileReference; lastKnownFileType = folder.assetcatalog; path = Assets.xcassets; sourceTree = "<group>"; };
		395E52CB2B66242400513D5D /* Base */ = {isa = PBXFileReference; lastKnownFileType = file.storyboard; name = Base; path = Base.lproj/LaunchScreen.storyboard; sourceTree = "<group>"; };
		395E52CD2B66242400513D5D /* Info.plist */ = {isa = PBXFileReference; lastKnownFileType = text.plist.xml; path = Info.plist; sourceTree = "<group>"; };
		395E52D22B66242400513D5D /* TodoshkaTests.xctest */ = {isa = PBXFileReference; explicitFileType = wrapper.cfbundle; includeInIndex = 0; path = TodoshkaTests.xctest; sourceTree = BUILT_PRODUCTS_DIR; };
		395E52D62B66242400513D5D /* TodoshkaTests.swift */ = {isa = PBXFileReference; lastKnownFileType = sourcecode.swift; path = TodoshkaTests.swift; sourceTree = "<group>"; };
		395E52DC2B66242500513D5D /* TodoshkaUITests.xctest */ = {isa = PBXFileReference; explicitFileType = wrapper.cfbundle; includeInIndex = 0; path = TodoshkaUITests.xctest; sourceTree = BUILT_PRODUCTS_DIR; };
		395E52E02B66242500513D5D /* TodoshkaUITests.swift */ = {isa = PBXFileReference; lastKnownFileType = sourcecode.swift; path = TodoshkaUITests.swift; sourceTree = "<group>"; };
		395E52E22B66242500513D5D /* TodoshkaUITestsLaunchTests.swift */ = {isa = PBXFileReference; lastKnownFileType = sourcecode.swift; path = TodoshkaUITestsLaunchTests.swift; sourceTree = "<group>"; };
		397333E32B774082004C5D9B /* CategoryViewController.swift */ = {isa = PBXFileReference; lastKnownFileType = sourcecode.swift; name = CategoryViewController.swift; path = Todoshka/Views/CategoryViewController.swift; sourceTree = SOURCE_ROOT; };
		39AC32F52B919E23009226A8 /* SwipeTableViewController.swift */ = {isa = PBXFileReference; lastKnownFileType = sourcecode.swift; path = SwipeTableViewController.swift; sourceTree = "<group>"; };
		39C4CD3C2B84740200D3F591 /* Item.swift */ = {isa = PBXFileReference; lastKnownFileType = sourcecode.swift; path = Item.swift; sourceTree = "<group>"; };
		39C4CD3E2B84741000D3F591 /* Category.swift */ = {isa = PBXFileReference; lastKnownFileType = sourcecode.swift; path = Category.swift; sourceTree = "<group>"; };
/* End PBXFileReference section */

/* Begin PBXFrameworksBuildPhase section */
		395E52B92B66242200513D5D /* Frameworks */ = {
			isa = PBXFrameworksBuildPhase;
			buildActionMask = 2147483647;
			files = (
				39BA0EC62B7EE982001B41FD /* RealmSwift in Frameworks */,
				392D12D52B8F094F005D3CFF /* SwipeCellKit in Frameworks */,
				39BA0EC42B7EE982001B41FD /* Realm in Frameworks */,
			);
			runOnlyForDeploymentPostprocessing = 0;
		};
		395E52CF2B66242400513D5D /* Frameworks */ = {
			isa = PBXFrameworksBuildPhase;
			buildActionMask = 2147483647;
			files = (
			);
			runOnlyForDeploymentPostprocessing = 0;
		};
		395E52D92B66242500513D5D /* Frameworks */ = {
			isa = PBXFrameworksBuildPhase;
			buildActionMask = 2147483647;
			files = (
			);
			runOnlyForDeploymentPostprocessing = 0;
		};
/* End PBXFrameworksBuildPhase section */

/* Begin PBXGroup section */
		391A99B72B6B61E000051EC1 /* Data Model */ = {
			isa = PBXGroup;
			children = (
				39C4CD3E2B84741000D3F591 /* Category.swift */,
				39C4CD3C2B84740200D3F591 /* Item.swift */,
			);
			path = "Data Model";
			sourceTree = "<group>";
		};
		391A99B82B6B622300051EC1 /* Controllers */ = {
			isa = PBXGroup;
			children = (
				397333E32B774082004C5D9B /* CategoryViewController.swift */,
				395E52C32B66242200513D5D /* ToDoListViewController.swift */,
				39AC32F52B919E23009226A8 /* SwipeTableViewController.swift */,
			);
			path = Controllers;
			sourceTree = "<group>";
		};
		391A99B92B6B622E00051EC1 /* Views */ = {
			isa = PBXGroup;
			children = (
				395E52C52B66242200513D5D /* Main.storyboard */,
			);
			path = Views;
			sourceTree = "<group>";
		};
		391A99BA2B6B625200051EC1 /* Supporting files */ = {
			isa = PBXGroup;
			children = (
				395E52C82B66242400513D5D /* Assets.xcassets */,
				395E52CA2B66242400513D5D /* LaunchScreen.storyboard */,
			);
			path = "Supporting files";
			sourceTree = "<group>";
		};
		395E52B32B66242200513D5D = {
			isa = PBXGroup;
			children = (
				395E52BE2B66242200513D5D /* Todoshka */,
				395E52D52B66242400513D5D /* TodoshkaTests */,
				395E52DF2B66242500513D5D /* TodoshkaUITests */,
				395E52BD2B66242200513D5D /* Products */,
			);
			sourceTree = "<group>";
		};
		395E52BD2B66242200513D5D /* Products */ = {
			isa = PBXGroup;
			children = (
				395E52BC2B66242200513D5D /* Todoshka.app */,
				395E52D22B66242400513D5D /* TodoshkaTests.xctest */,
				395E52DC2B66242500513D5D /* TodoshkaUITests.xctest */,
			);
			name = Products;
			sourceTree = "<group>";
		};
		395E52BE2B66242200513D5D /* Todoshka */ = {
			isa = PBXGroup;
			children = (
				395E52BF2B66242200513D5D /* AppDelegate.swift */,
				395E52C12B66242200513D5D /* SceneDelegate.swift */,
				391A99B72B6B61E000051EC1 /* Data Model */,
				391A99B92B6B622E00051EC1 /* Views */,
				391A99B82B6B622300051EC1 /* Controllers */,
				391A99BA2B6B625200051EC1 /* Supporting files */,
				395E52CD2B66242400513D5D /* Info.plist */,
			);
			path = Todoshka;
			sourceTree = "<group>";
		};
		395E52D52B66242400513D5D /* TodoshkaTests */ = {
			isa = PBXGroup;
			children = (
				395E52D62B66242400513D5D /* TodoshkaTests.swift */,
			);
			path = TodoshkaTests;
			sourceTree = "<group>";
		};
		395E52DF2B66242500513D5D /* TodoshkaUITests */ = {
			isa = PBXGroup;
			children = (
				395E52E02B66242500513D5D /* TodoshkaUITests.swift */,
				395E52E22B66242500513D5D /* TodoshkaUITestsLaunchTests.swift */,
			);
			path = TodoshkaUITests;
			sourceTree = "<group>";
		};
/* End PBXGroup section */

/* Begin PBXNativeTarget section */
		395E52BB2B66242200513D5D /* Todoshka */ = {
			isa = PBXNativeTarget;
			buildConfigurationList = 395E52E62B66242500513D5D /* Build configuration list for PBXNativeTarget "Todoshka" */;
			buildPhases = (
				395E52B82B66242200513D5D /* Sources */,
				395E52B92B66242200513D5D /* Frameworks */,
				395E52BA2B66242200513D5D /* Resources */,
			);
			buildRules = (
			);
			dependencies = (
			);
			name = Todoshka;
			packageProductDependencies = (
				39BA0EC32B7EE982001B41FD /* Realm */,
				39BA0EC52B7EE982001B41FD /* RealmSwift */,
				392D12D42B8F094F005D3CFF /* SwipeCellKit */,
			);
			productName = Todoshka;
			productReference = 395E52BC2B66242200513D5D /* Todoshka.app */;
			productType = "com.apple.product-type.application";
		};
		395E52D12B66242400513D5D /* TodoshkaTests */ = {
			isa = PBXNativeTarget;
			buildConfigurationList = 395E52E92B66242500513D5D /* Build configuration list for PBXNativeTarget "TodoshkaTests" */;
			buildPhases = (
				395E52CE2B66242400513D5D /* Sources */,
				395E52CF2B66242400513D5D /* Frameworks */,
				395E52D02B66242400513D5D /* Resources */,
			);
			buildRules = (
			);
			dependencies = (
				395E52D42B66242400513D5D /* PBXTargetDependency */,
			);
			name = TodoshkaTests;
			productName = TodoshkaTests;
			productReference = 395E52D22B66242400513D5D /* TodoshkaTests.xctest */;
			productType = "com.apple.product-type.bundle.unit-test";
		};
		395E52DB2B66242500513D5D /* TodoshkaUITests */ = {
			isa = PBXNativeTarget;
			buildConfigurationList = 395E52EC2B66242500513D5D /* Build configuration list for PBXNativeTarget "TodoshkaUITests" */;
			buildPhases = (
				395E52D82B66242500513D5D /* Sources */,
				395E52D92B66242500513D5D /* Frameworks */,
				395E52DA2B66242500513D5D /* Resources */,
			);
			buildRules = (
			);
			dependencies = (
				395E52DE2B66242500513D5D /* PBXTargetDependency */,
			);
			name = TodoshkaUITests;
			productName = TodoshkaUITests;
			productReference = 395E52DC2B66242500513D5D /* TodoshkaUITests.xctest */;
			productType = "com.apple.product-type.bundle.ui-testing";
		};
/* End PBXNativeTarget section */

/* Begin PBXProject section */
		395E52B42B66242200513D5D /* Project object */ = {
			isa = PBXProject;
			attributes = {
				BuildIndependentTargetsInParallel = 1;
				LastSwiftUpdateCheck = 1520;
				LastUpgradeCheck = 1520;
				TargetAttributes = {
					395E52BB2B66242200513D5D = {
						CreatedOnToolsVersion = 15.2;
					};
					395E52D12B66242400513D5D = {
						CreatedOnToolsVersion = 15.2;
						TestTargetID = 395E52BB2B66242200513D5D;
					};
					395E52DB2B66242500513D5D = {
						CreatedOnToolsVersion = 15.2;
						TestTargetID = 395E52BB2B66242200513D5D;
					};
				};
			};
			buildConfigurationList = 395E52B72B66242200513D5D /* Build configuration list for PBXProject "Todoshka" */;
			compatibilityVersion = "Xcode 14.0";
			developmentRegion = en;
			hasScannedForEncodings = 0;
			knownRegions = (
				en,
				Base,
			);
			mainGroup = 395E52B32B66242200513D5D;
			packageReferences = (
				396FD58D2B7DD93F00E679B7 /* XCRemoteSwiftPackageReference "realm-swift" */,
				392D12D32B8F094F005D3CFF /* XCRemoteSwiftPackageReference "SwipeCellKit" */,
			);
			productRefGroup = 395E52BD2B66242200513D5D /* Products */;
			projectDirPath = "";
			projectRoot = "";
			targets = (
				395E52BB2B66242200513D5D /* Todoshka */,
				395E52D12B66242400513D5D /* TodoshkaTests */,
				395E52DB2B66242500513D5D /* TodoshkaUITests */,
			);
		};
/* End PBXProject section */

/* Begin PBXResourcesBuildPhase section */
		395E52BA2B66242200513D5D /* Resources */ = {
			isa = PBXResourcesBuildPhase;
			buildActionMask = 2147483647;
			files = (
				395E52CC2B66242400513D5D /* LaunchScreen.storyboard in Resources */,
				395E52C92B66242400513D5D /* Assets.xcassets in Resources */,
				395E52C72B66242200513D5D /* Main.storyboard in Resources */,
			);
			runOnlyForDeploymentPostprocessing = 0;
		};
		395E52D02B66242400513D5D /* Resources */ = {
			isa = PBXResourcesBuildPhase;
			buildActionMask = 2147483647;
			files = (
			);
			runOnlyForDeploymentPostprocessing = 0;
		};
		395E52DA2B66242500513D5D /* Resources */ = {
			isa = PBXResourcesBuildPhase;
			buildActionMask = 2147483647;
			files = (
			);
			runOnlyForDeploymentPostprocessing = 0;
		};
/* End PBXResourcesBuildPhase section */

/* Begin PBXSourcesBuildPhase section */
		395E52B82B66242200513D5D /* Sources */ = {
			isa = PBXSourcesBuildPhase;
			buildActionMask = 2147483647;
			files = (
				397333E42B774082004C5D9B /* CategoryViewController.swift in Sources */,
				395E52C42B66242200513D5D /* ToDoListViewController.swift in Sources */,
				395E52C02B66242200513D5D /* AppDelegate.swift in Sources */,
				39AC32F62B919E23009226A8 /* SwipeTableViewController.swift in Sources */,
				39C4CD3D2B84740200D3F591 /* Item.swift in Sources */,
				395E52C22B66242200513D5D /* SceneDelegate.swift in Sources */,
				39C4CD3F2B84741000D3F591 /* Category.swift in Sources */,
			);
			runOnlyForDeploymentPostprocessing = 0;
		};
		395E52CE2B66242400513D5D /* Sources */ = {
			isa = PBXSourcesBuildPhase;
			buildActionMask = 2147483647;
			files = (
				395E52D72B66242400513D5D /* TodoshkaTests.swift in Sources */,
			);
			runOnlyForDeploymentPostprocessing = 0;
		};
		395E52D82B66242500513D5D /* Sources */ = {
			isa = PBXSourcesBuildPhase;
			buildActionMask = 2147483647;
			files = (
				395E52E32B66242500513D5D /* TodoshkaUITestsLaunchTests.swift in Sources */,
				395E52E12B66242500513D5D /* TodoshkaUITests.swift in Sources */,
			);
			runOnlyForDeploymentPostprocessing = 0;
		};
/* End PBXSourcesBuildPhase section */

/* Begin PBXTargetDependency section */
		395E52D42B66242400513D5D /* PBXTargetDependency */ = {
			isa = PBXTargetDependency;
			target = 395E52BB2B66242200513D5D /* Todoshka */;
			targetProxy = 395E52D32B66242400513D5D /* PBXContainerItemProxy */;
		};
		395E52DE2B66242500513D5D /* PBXTargetDependency */ = {
			isa = PBXTargetDependency;
			target = 395E52BB2B66242200513D5D /* Todoshka */;
			targetProxy = 395E52DD2B66242500513D5D /* PBXContainerItemProxy */;
		};
/* End PBXTargetDependency section */

/* Begin PBXVariantGroup section */
		395E52C52B66242200513D5D /* Main.storyboard */ = {
			isa = PBXVariantGroup;
			children = (
				395E52C62B66242200513D5D /* Base */,
			);
			name = Main.storyboard;
			sourceTree = "<group>";
		};
		395E52CA2B66242400513D5D /* LaunchScreen.storyboard */ = {
			isa = PBXVariantGroup;
			children = (
				395E52CB2B66242400513D5D /* Base */,
			);
			name = LaunchScreen.storyboard;
			sourceTree = "<group>";
		};
/* End PBXVariantGroup section */

/* Begin XCBuildConfiguration section */
		395E52E42B66242500513D5D /* Debug */ = {
			isa = XCBuildConfiguration;
			buildSettings = {
				ALWAYS_SEARCH_USER_PATHS = NO;
				ASSETCATALOG_COMPILER_GENERATE_SWIFT_ASSET_SYMBOL_EXTENSIONS = YES;
				CLANG_ANALYZER_NONNULL = YES;
				CLANG_ANALYZER_NUMBER_OBJECT_CONVERSION = YES_AGGRESSIVE;
				CLANG_CXX_LANGUAGE_STANDARD = "gnu++20";
				CLANG_ENABLE_MODULES = YES;
				CLANG_ENABLE_OBJC_ARC = YES;
				CLANG_ENABLE_OBJC_WEAK = YES;
				CLANG_WARN_BLOCK_CAPTURE_AUTORELEASING = YES;
				CLANG_WARN_BOOL_CONVERSION = YES;
				CLANG_WARN_COMMA = YES;
				CLANG_WARN_CONSTANT_CONVERSION = YES;
				CLANG_WARN_DEPRECATED_OBJC_IMPLEMENTATIONS = YES;
				CLANG_WARN_DIRECT_OBJC_ISA_USAGE = YES_ERROR;
				CLANG_WARN_DOCUMENTATION_COMMENTS = YES;
				CLANG_WARN_EMPTY_BODY = YES;
				CLANG_WARN_ENUM_CONVERSION = YES;
				CLANG_WARN_INFINITE_RECURSION = YES;
				CLANG_WARN_INT_CONVERSION = YES;
				CLANG_WARN_NON_LITERAL_NULL_CONVERSION = YES;
				CLANG_WARN_OBJC_IMPLICIT_RETAIN_SELF = YES;
				CLANG_WARN_OBJC_LITERAL_CONVERSION = YES;
				CLANG_WARN_OBJC_ROOT_CLASS = YES_ERROR;
				CLANG_WARN_QUOTED_INCLUDE_IN_FRAMEWORK_HEADER = YES;
				CLANG_WARN_RANGE_LOOP_ANALYSIS = YES;
				CLANG_WARN_STRICT_PROTOTYPES = YES;
				CLANG_WARN_SUSPICIOUS_MOVE = YES;
				CLANG_WARN_UNGUARDED_AVAILABILITY = YES_AGGRESSIVE;
				CLANG_WARN_UNREACHABLE_CODE = YES;
				CLANG_WARN__DUPLICATE_METHOD_MATCH = YES;
				COPY_PHASE_STRIP = NO;
				DEBUG_INFORMATION_FORMAT = dwarf;
				ENABLE_STRICT_OBJC_MSGSEND = YES;
				ENABLE_TESTABILITY = YES;
				ENABLE_USER_SCRIPT_SANDBOXING = YES;
				GCC_C_LANGUAGE_STANDARD = gnu17;
				GCC_DYNAMIC_NO_PIC = NO;
				GCC_NO_COMMON_BLOCKS = YES;
				GCC_OPTIMIZATION_LEVEL = 0;
				GCC_PREPROCESSOR_DEFINITIONS = (
					"DEBUG=1",
					"$(inherited)",
				);
				GCC_WARN_64_TO_32_BIT_CONVERSION = YES;
				GCC_WARN_ABOUT_RETURN_TYPE = YES_ERROR;
				GCC_WARN_UNDECLARED_SELECTOR = YES;
				GCC_WARN_UNINITIALIZED_AUTOS = YES_AGGRESSIVE;
				GCC_WARN_UNUSED_FUNCTION = YES;
				GCC_WARN_UNUSED_VARIABLE = YES;
				IPHONEOS_DEPLOYMENT_TARGET = 17.2;
				LOCALIZATION_PREFERS_STRING_CATALOGS = YES;
				MTL_ENABLE_DEBUG_INFO = INCLUDE_SOURCE;
				MTL_FAST_MATH = YES;
				ONLY_ACTIVE_ARCH = YES;
				SDKROOT = iphoneos;
				SWIFT_ACTIVE_COMPILATION_CONDITIONS = "DEBUG $(inherited)";
				SWIFT_OPTIMIZATION_LEVEL = "-Onone";
			};
			name = Debug;
		};
		395E52E52B66242500513D5D /* Release */ = {
			isa = XCBuildConfiguration;
			buildSettings = {
				ALWAYS_SEARCH_USER_PATHS = NO;
				ASSETCATALOG_COMPILER_GENERATE_SWIFT_ASSET_SYMBOL_EXTENSIONS = YES;
				CLANG_ANALYZER_NONNULL = YES;
				CLANG_ANALYZER_NUMBER_OBJECT_CONVERSION = YES_AGGRESSIVE;
				CLANG_CXX_LANGUAGE_STANDARD = "gnu++20";
				CLANG_ENABLE_MODULES = YES;
				CLANG_ENABLE_OBJC_ARC = YES;
				CLANG_ENABLE_OBJC_WEAK = YES;
				CLANG_WARN_BLOCK_CAPTURE_AUTORELEASING = YES;
				CLANG_WARN_BOOL_CONVERSION = YES;
				CLANG_WARN_COMMA = YES;
				CLANG_WARN_CONSTANT_CONVERSION = YES;
				CLANG_WARN_DEPRECATED_OBJC_IMPLEMENTATIONS = YES;
				CLANG_WARN_DIRECT_OBJC_ISA_USAGE = YES_ERROR;
				CLANG_WARN_DOCUMENTATION_COMMENTS = YES;
				CLANG_WARN_EMPTY_BODY = YES;
				CLANG_WARN_ENUM_CONVERSION = YES;
				CLANG_WARN_INFINITE_RECURSION = YES;
				CLANG_WARN_INT_CONVERSION = YES;
				CLANG_WARN_NON_LITERAL_NULL_CONVERSION = YES;
				CLANG_WARN_OBJC_IMPLICIT_RETAIN_SELF = YES;
				CLANG_WARN_OBJC_LITERAL_CONVERSION = YES;
				CLANG_WARN_OBJC_ROOT_CLASS = YES_ERROR;
				CLANG_WARN_QUOTED_INCLUDE_IN_FRAMEWORK_HEADER = YES;
				CLANG_WARN_RANGE_LOOP_ANALYSIS = YES;
				CLANG_WARN_STRICT_PROTOTYPES = YES;
				CLANG_WARN_SUSPICIOUS_MOVE = YES;
				CLANG_WARN_UNGUARDED_AVAILABILITY = YES_AGGRESSIVE;
				CLANG_WARN_UNREACHABLE_CODE = YES;
				CLANG_WARN__DUPLICATE_METHOD_MATCH = YES;
				COPY_PHASE_STRIP = NO;
				DEBUG_INFORMATION_FORMAT = "dwarf-with-dsym";
				ENABLE_NS_ASSERTIONS = NO;
				ENABLE_STRICT_OBJC_MSGSEND = YES;
				ENABLE_USER_SCRIPT_SANDBOXING = YES;
				GCC_C_LANGUAGE_STANDARD = gnu17;
				GCC_NO_COMMON_BLOCKS = YES;
				GCC_WARN_64_TO_32_BIT_CONVERSION = YES;
				GCC_WARN_ABOUT_RETURN_TYPE = YES_ERROR;
				GCC_WARN_UNDECLARED_SELECTOR = YES;
				GCC_WARN_UNINITIALIZED_AUTOS = YES_AGGRESSIVE;
				GCC_WARN_UNUSED_FUNCTION = YES;
				GCC_WARN_UNUSED_VARIABLE = YES;
				IPHONEOS_DEPLOYMENT_TARGET = 17.2;
				LOCALIZATION_PREFERS_STRING_CATALOGS = YES;
				MTL_ENABLE_DEBUG_INFO = NO;
				MTL_FAST_MATH = YES;
				SDKROOT = iphoneos;
				SWIFT_COMPILATION_MODE = wholemodule;
				VALIDATE_PRODUCT = YES;
			};
			name = Release;
		};
		395E52E72B66242500513D5D /* Debug */ = {
			isa = XCBuildConfiguration;
			buildSettings = {
				ASSETCATALOG_COMPILER_APPICON_NAME = AppIcon;
				ASSETCATALOG_COMPILER_GLOBAL_ACCENT_COLOR_NAME = AccentColor;
				CODE_SIGN_STYLE = Automatic;
				CURRENT_PROJECT_VERSION = 1;
				DEVELOPMENT_TEAM = 2578GW4Y4H;
				GENERATE_INFOPLIST_FILE = YES;
				INFOPLIST_FILE = Todoshka/Info.plist;
				INFOPLIST_KEY_UIApplicationSupportsIndirectInputEvents = YES;
				INFOPLIST_KEY_UILaunchStoryboardName = LaunchScreen;
				INFOPLIST_KEY_UIMainStoryboardFile = Main;
				INFOPLIST_KEY_UISupportedInterfaceOrientations_iPad = "UIInterfaceOrientationPortrait UIInterfaceOrientationPortraitUpsideDown UIInterfaceOrientationLandscapeLeft UIInterfaceOrientationLandscapeRight";
				INFOPLIST_KEY_UISupportedInterfaceOrientations_iPhone = "UIInterfaceOrientationPortrait UIInterfaceOrientationLandscapeLeft UIInterfaceOrientationLandscapeRight";
				LD_RUNPATH_SEARCH_PATHS = (
					"$(inherited)",
					"@executable_path/Frameworks",
				);
				MARKETING_VERSION = 1.0;
				PRODUCT_BUNDLE_IDENTIFIER = Timur.Todoshka;
				PRODUCT_NAME = "$(TARGET_NAME)";
				SWIFT_EMIT_LOC_STRINGS = YES;
				SWIFT_VERSION = 5.0;
				TARGETED_DEVICE_FAMILY = "1,2";
			};
			name = Debug;
		};
		395E52E82B66242500513D5D /* Release */ = {
			isa = XCBuildConfiguration;
			buildSettings = {
				ASSETCATALOG_COMPILER_APPICON_NAME = AppIcon;
				ASSETCATALOG_COMPILER_GLOBAL_ACCENT_COLOR_NAME = AccentColor;
				CODE_SIGN_STYLE = Automatic;
				CURRENT_PROJECT_VERSION = 1;
				DEVELOPMENT_TEAM = 2578GW4Y4H;
				GENERATE_INFOPLIST_FILE = YES;
				INFOPLIST_FILE = Todoshka/Info.plist;
				INFOPLIST_KEY_UIApplicationSupportsIndirectInputEvents = YES;
				INFOPLIST_KEY_UILaunchStoryboardName = LaunchScreen;
				INFOPLIST_KEY_UIMainStoryboardFile = Main;
				INFOPLIST_KEY_UISupportedInterfaceOrientations_iPad = "UIInterfaceOrientationPortrait UIInterfaceOrientationPortraitUpsideDown UIInterfaceOrientationLandscapeLeft UIInterfaceOrientationLandscapeRight";
				INFOPLIST_KEY_UISupportedInterfaceOrientations_iPhone = "UIInterfaceOrientationPortrait UIInterfaceOrientationLandscapeLeft UIInterfaceOrientationLandscapeRight";
				LD_RUNPATH_SEARCH_PATHS = (
					"$(inherited)",
					"@executable_path/Frameworks",
				);
				MARKETING_VERSION = 1.0;
				PRODUCT_BUNDLE_IDENTIFIER = Timur.Todoshka;
				PRODUCT_NAME = "$(TARGET_NAME)";
				SWIFT_EMIT_LOC_STRINGS = YES;
				SWIFT_VERSION = 5.0;
				TARGETED_DEVICE_FAMILY = "1,2";
			};
			name = Release;
		};
		395E52EA2B66242500513D5D /* Debug */ = {
			isa = XCBuildConfiguration;
			buildSettings = {
				ALWAYS_EMBED_SWIFT_STANDARD_LIBRARIES = YES;
				BUNDLE_LOADER = "$(TEST_HOST)";
				CODE_SIGN_STYLE = Automatic;
				CURRENT_PROJECT_VERSION = 1;
				DEVELOPMENT_TEAM = 2578GW4Y4H;
				GENERATE_INFOPLIST_FILE = YES;
				IPHONEOS_DEPLOYMENT_TARGET = 17.2;
				MARKETING_VERSION = 1.0;
				PRODUCT_BUNDLE_IDENTIFIER = Timur.TodoshkaTests;
				PRODUCT_NAME = "$(TARGET_NAME)";
				SWIFT_EMIT_LOC_STRINGS = NO;
				SWIFT_VERSION = 5.0;
				TARGETED_DEVICE_FAMILY = "1,2";
				TEST_HOST = "$(BUILT_PRODUCTS_DIR)/Todoshka.app/$(BUNDLE_EXECUTABLE_FOLDER_PATH)/Todoshka";
			};
			name = Debug;
		};
		395E52EB2B66242500513D5D /* Release */ = {
			isa = XCBuildConfiguration;
			buildSettings = {
				ALWAYS_EMBED_SWIFT_STANDARD_LIBRARIES = YES;
				BUNDLE_LOADER = "$(TEST_HOST)";
				CODE_SIGN_STYLE = Automatic;
				CURRENT_PROJECT_VERSION = 1;
				DEVELOPMENT_TEAM = 2578GW4Y4H;
				GENERATE_INFOPLIST_FILE = YES;
				IPHONEOS_DEPLOYMENT_TARGET = 17.2;
				MARKETING_VERSION = 1.0;
				PRODUCT_BUNDLE_IDENTIFIER = Timur.TodoshkaTests;
				PRODUCT_NAME = "$(TARGET_NAME)";
				SWIFT_EMIT_LOC_STRINGS = NO;
				SWIFT_VERSION = 5.0;
				TARGETED_DEVICE_FAMILY = "1,2";
				TEST_HOST = "$(BUILT_PRODUCTS_DIR)/Todoshka.app/$(BUNDLE_EXECUTABLE_FOLDER_PATH)/Todoshka";
			};
			name = Release;
		};
		395E52ED2B66242500513D5D /* Debug */ = {
			isa = XCBuildConfiguration;
			buildSettings = {
				ALWAYS_EMBED_SWIFT_STANDARD_LIBRARIES = YES;
				CODE_SIGN_STYLE = Automatic;
				CURRENT_PROJECT_VERSION = 1;
				DEVELOPMENT_TEAM = 2578GW4Y4H;
				GENERATE_INFOPLIST_FILE = YES;
				MARKETING_VERSION = 1.0;
				PRODUCT_BUNDLE_IDENTIFIER = Timur.TodoshkaUITests;
				PRODUCT_NAME = "$(TARGET_NAME)";
				SWIFT_EMIT_LOC_STRINGS = NO;
				SWIFT_VERSION = 5.0;
				TARGETED_DEVICE_FAMILY = "1,2";
				TEST_TARGET_NAME = Todoshka;
			};
			name = Debug;
		};
		395E52EE2B66242500513D5D /* Release */ = {
			isa = XCBuildConfiguration;
			buildSettings = {
				ALWAYS_EMBED_SWIFT_STANDARD_LIBRARIES = YES;
				CODE_SIGN_STYLE = Automatic;
				CURRENT_PROJECT_VERSION = 1;
				DEVELOPMENT_TEAM = 2578GW4Y4H;
				GENERATE_INFOPLIST_FILE = YES;
				MARKETING_VERSION = 1.0;
				PRODUCT_BUNDLE_IDENTIFIER = Timur.TodoshkaUITests;
				PRODUCT_NAME = "$(TARGET_NAME)";
				SWIFT_EMIT_LOC_STRINGS = NO;
				SWIFT_VERSION = 5.0;
				TARGETED_DEVICE_FAMILY = "1,2";
				TEST_TARGET_NAME = Todoshka;
			};
			name = Release;
		};
/* End XCBuildConfiguration section */

/* Begin XCConfigurationList section */
		395E52B72B66242200513D5D /* Build configuration list for PBXProject "Todoshka" */ = {
			isa = XCConfigurationList;
			buildConfigurations = (
				395E52E42B66242500513D5D /* Debug */,
				395E52E52B66242500513D5D /* Release */,
			);
			defaultConfigurationIsVisible = 0;
			defaultConfigurationName = Release;
		};
		395E52E62B66242500513D5D /* Build configuration list for PBXNativeTarget "Todoshka" */ = {
			isa = XCConfigurationList;
			buildConfigurations = (
				395E52E72B66242500513D5D /* Debug */,
				395E52E82B66242500513D5D /* Release */,
			);
			defaultConfigurationIsVisible = 0;
			defaultConfigurationName = Release;
		};
		395E52E92B66242500513D5D /* Build configuration list for PBXNativeTarget "TodoshkaTests" */ = {
			isa = XCConfigurationList;
			buildConfigurations = (
				395E52EA2B66242500513D5D /* Debug */,
				395E52EB2B66242500513D5D /* Release */,
			);
			defaultConfigurationIsVisible = 0;
			defaultConfigurationName = Release;
		};
		395E52EC2B66242500513D5D /* Build configuration list for PBXNativeTarget "TodoshkaUITests" */ = {
			isa = XCConfigurationList;
			buildConfigurations = (
				395E52ED2B66242500513D5D /* Debug */,
				395E52EE2B66242500513D5D /* Release */,
			);
			defaultConfigurationIsVisible = 0;
			defaultConfigurationName = Release;
		};
/* End XCConfigurationList section */

/* Begin XCRemoteSwiftPackageReference section */
		392D12D32B8F094F005D3CFF /* XCRemoteSwiftPackageReference "SwipeCellKit" */ = {
			isa = XCRemoteSwiftPackageReference;
			repositoryURL = "https://github.com/SwipeCellKit/SwipeCellKit.git";
			requirement = {
				kind = upToNextMajorVersion;
				minimumVersion = 2.7.1;
			};
		};
		396FD58D2B7DD93F00E679B7 /* XCRemoteSwiftPackageReference "realm-swift" */ = {
			isa = XCRemoteSwiftPackageReference;
			repositoryURL = "https://github.com/realm/realm-swift.git";
			requirement = {
				branch = master;
				kind = branch;
			};
		};
/* End XCRemoteSwiftPackageReference section */

/* Begin XCSwiftPackageProductDependency section */
		392D12D42B8F094F005D3CFF /* SwipeCellKit */ = {
			isa = XCSwiftPackageProductDependency;
			package = 392D12D32B8F094F005D3CFF /* XCRemoteSwiftPackageReference "SwipeCellKit" */;
			productName = SwipeCellKit;
		};
		39BA0EC32B7EE982001B41FD /* Realm */ = {
			isa = XCSwiftPackageProductDependency;
			package = 396FD58D2B7DD93F00E679B7 /* XCRemoteSwiftPackageReference "realm-swift" */;
			productName = Realm;
		};
		39BA0EC52B7EE982001B41FD /* RealmSwift */ = {
			isa = XCSwiftPackageProductDependency;
			package = 396FD58D2B7DD93F00E679B7 /* XCRemoteSwiftPackageReference "realm-swift" */;
			productName = RealmSwift;
		};
/* End XCSwiftPackageProductDependency section */
	};
	rootObject = 395E52B42B66242200513D5D /* Project object */;
}
